{
  "name": "project",
  "lockfileVersion": 3,
  "requires": true,
  "packages": {
    "": {
      "name": "project",
      "dependencies": {
        "react": "17.0.2",
        "react-dom": "17.0.2",
        "react-scripts": "^5.0.1"
      },
      "devDependencies": {
        "@babel/core": "^7.26.0",
        "@babel/preset-env": "^7.26.0",
        "@babel/preset-react": "^7.26.3",
        "babel-core": "^6.0",
        "babel-loader": "^9.2.1",
        "babel-preset-env": "*",
        "babel-preset-react": "*",
        "css-loader": "^7.1.2",
        "file-loader": "^6.2.0",
        "style-loader": "^4.0.0",
        "webpack": "^5.97.1",
        "webpack-cli": "^6.0.1",
        "webpack-dev-server": "^5.2.0"
      }
    },
    "node_modules/react": {
      "version": "17.0.2",
      "resolved": "https://registry.npmjs.org/react/-/react-17.0.2.tgz",
      "integrity": "sha512-gnhPt75i/dq2x3dbt4fkbjGsklFqcLbnRjr/BcrsLBq7Transition0sB50vh9q2PSLr5QiMh7DZOTTOQ20hjQC6/uQ=="
    },
    "node_modules/react-dom": {
      "version": "17.0.2",
      "resolved": "https://registry.npmjs.org/react-dom/-/react-dom-17.0.2.tgz",
      "integrity": "sha512-s4h96KtLDUQlsENhMn1ar8t2jN/64P/8z67YJhxRoFSjmM+Qh1fP5LJ+I3p8pOBqIhMpL7hNg4CtX1o/7b/+xg=="
    },
    "node_modules/react-scripts": {
      "version": "5.0.1",
      "resolved": "https://registry.npmjs.org/react-scripts/-/react-scripts-5.0.1.tgz",
      "integrity": "sha512-8VAmEm/ZhRrha2E4t2OiVfRdBYfLv+tp0dm+JJYzNLnWEUnMZQS6UVCBlHtEfa9IvVyili400qFjzBderes3+vQ==",
      "hasInstallScript": true
    }
  }
}
